{
  "version": 4,
  "terraform_version": "1.9.3",
  "serial": 9,
  "lineage": "e8369950-83ec-4d71-56dc-6fd92cf40197",
  "outputs": {},
  "resources": [
    {
      "module": "module.dynamic",
      "mode": "managed",
      "type": "newrelic_one_dashboard",
      "name": "dashboard_with_dynamic",
      "provider": "module.dynamic.provider[\"registry.terraform.io/newrelic/newrelic\"]",
      "instances": [
        {
          "schema_version": 0,
          "attributes": {
            "account_id": 4438260,
            "description": null,
            "guid": "NDQzODI2MHxWSVp8REFTSEJPQVJEfGRhOjY1MDU2NjY",
            "id": "NDQzODI2MHxWSVp8REFTSEJPQVJEfGRhOjY1MDU2NjY",
            "name": "dashboard_with_dynamic",
            "page": [
              {
                "description": "",
                "guid": "NDQzODI2MHxWSVp8REFTSEJPQVJEfDE5MjMyOTA0",
                "name": "page 1",
                "widget_area": [],
                "widget_bar": [
                  {
                    "colors": [],
                    "column": 5,
                    "facet_show_other_series": false,
                    "filter_current_dashboard": false,
                    "height": 4,
                    "id": "269033042",
                    "ignore_time_range": false,
                    "legend_enabled": true,
                    "linked_entity_guids": [],
                    "nrql_query": [
                      {
                        "account_id": 4438260,
                        "query": "FROM Transaction SELECT average(duration) FACET appName"
                      }
                    ],
                    "null_values": [],
                    "row": 9,
                    "title": "Average transaction duration, by application",
                    "units": [],
                    "width": 4,
                    "y_axis_left_max": 0,
                    "y_axis_left_min": 0
                  },
                  {
                    "colors": [],
                    "column": 9,
                    "facet_show_other_series": false,
                    "filter_current_dashboard": false,
                    "height": 4,
                    "id": "269033043",
                    "ignore_time_range": false,
                    "legend_enabled": true,
                    "linked_entity_guids": [],
                    "nrql_query": [
                      {
                        "account_id": 4438260,
                        "query": "FROM Transaction SELECT average(duration) FACET appName"
                      }
                    ],
                    "null_values": [],
                    "row": 9,
                    "title": "average transaction duration , by transaction type and application",
                    "units": [],
                    "width": 4,
                    "y_axis_left_max": 0,
                    "y_axis_left_min": 0
                  },
                  {
                    "colors": [],
                    "column": 1,
                    "facet_show_other_series": false,
                    "filter_current_dashboard": false,
                    "height": 4,
                    "id": "269033044",
                    "ignore_time_range": false,
                    "legend_enabled": true,
                    "linked_entity_guids": [],
                    "nrql_query": [
                      {
                        "account_id": 4438260,
                        "query": "FROM Transaction SELECT average(duration) FACET appName"
                      }
                    ],
                    "null_values": [],
                    "row": 13,
                    "title": "average transaction duration , by transaction type and application",
                    "units": [],
                    "width": 4,
                    "y_axis_left_max": 0,
                    "y_axis_left_min": 0
                  }
                ],
                "widget_billboard": [
                  {
                    "colors": [],
                    "column": 1,
                    "critical": "",
                    "facet_show_other_series": false,
                    "height": 4,
                    "id": "269033045",
                    "ignore_time_range": false,
                    "legend_enabled": true,
                    "nrql_query": [
                      {
                        "account_id": 4438260,
                        "query": "FROM Transaction SELECT rate(count(*), 1 minute)"
                      }
                    ],
                    "null_values": [],
                    "row": 1,
                    "title": "request per minute",
                    "units": [],
                    "warning": "",
                    "width": 4,
                    "y_axis_left_max": 0,
                    "y_axis_left_min": 0
                  },
                  {
                    "colors": [],
                    "column": 5,
                    "critical": "",
                    "facet_show_other_series": false,
                    "height": 4,
                    "id": "269033046",
                    "ignore_time_range": false,
                    "legend_enabled": true,
                    "nrql_query": [
                      {
                        "account_id": 4438260,
                        "query": "FROM Transaction SELECT rate(count(*), 5 minute)"
                      }
                    ],
                    "null_values": [],
                    "row": 1,
                    "title": "request after 5 minute",
                    "units": [],
                    "warning": "",
                    "width": 4,
                    "y_axis_left_max": 0,
                    "y_axis_left_min": 0
                  },
                  {
                    "colors": [],
                    "column": 9,
                    "critical": "",
                    "facet_show_other_series": false,
                    "height": 4,
                    "id": "269033047",
                    "ignore_time_range": false,
                    "legend_enabled": true,
                    "nrql_query": [
                      {
                        "account_id": 4438260,
                        "query": "FROM Transaction SELECT rate(count(*), 10 minute)"
                      }
                    ],
                    "null_values": [],
                    "row": 1,
                    "title": "request after 10 minute",
                    "units": [],
                    "warning": "",
                    "width": 4,
                    "y_axis_left_max": 0,
                    "y_axis_left_min": 0
                  }
                ],
                "widget_bullet": [],
                "widget_funnel": [],
                "widget_heatmap": [],
                "widget_histogram": [],
                "widget_json": [],
                "widget_line": [],
                "widget_log_table": [],
                "widget_markdown": [
                  {
                    "colors": [],
                    "column": 1,
                    "facet_show_other_series": false,
                    "height": 4,
                    "id": "269033050",
                    "ignore_time_range": false,
                    "legend_enabled": true,
                    "null_values": [],
                    "row": 5,
                    "text": "first markdown",
                    "title": "first markdown",
                    "units": [],
                    "width": 4,
                    "y_axis_left_max": 0,
                    "y_axis_left_min": 0
                  },
                  {
                    "colors": [],
                    "column": 5,
                    "facet_show_other_series": false,
                    "height": 4,
                    "id": "269033051",
                    "ignore_time_range": false,
                    "legend_enabled": true,
                    "null_values": [],
                    "row": 5,
                    "text": "second markdown",
                    "title": "second markdown",
                    "units": [],
                    "width": 4,
                    "y_axis_left_max": 0,
                    "y_axis_left_min": 0
                  }
                ],
                "widget_pie": [],
                "widget_stacked_bar": [],
                "widget_table": [
                  {
                    "colors": [],
                    "column": 5,
                    "facet_show_other_series": false,
                    "filter_current_dashboard": false,
                    "height": 4,
                    "id": "269033052",
                    "ignore_time_range": false,
                    "legend_enabled": true,
                    "linked_entity_guids": [],
                    "nrql_query": [
                      {
                        "account_id": 4438260,
                        "query": "SELECT count(*), average(duration), max(duration), min(duration) FROM Transaction FACET name SINCE 7 days ago"
                      }
                    ],
                    "null_values": [],
                    "row": 13,
                    "threshold": [],
                    "title": "Table-1",
                    "units": [],
                    "width": 4,
                    "y_axis_left_max": 0,
                    "y_axis_left_min": 0
                  },
                  {
                    "colors": [],
                    "column": 9,
                    "facet_show_other_series": false,
                    "filter_current_dashboard": false,
                    "height": 4,
                    "id": "269033053",
                    "ignore_time_range": false,
                    "legend_enabled": true,
                    "linked_entity_guids": [],
                    "nrql_query": [
                      {
                        "account_id": 4438260,
                        "query": "SELECT count(*), average(duration), max(duration), min(duration) FROM Transaction FACET name SINCE 7 days ago"
                      }
                    ],
                    "null_values": [],
                    "row": 13,
                    "threshold": [],
                    "title": "Table-2",
                    "units": [],
                    "width": 4,
                    "y_axis_left_max": 0,
                    "y_axis_left_min": 0
                  }
                ]
              },
              {
                "description": "",
                "guid": "NDQzODI2MHxWSVp8REFTSEJPQVJEfDE5MjczODA4",
                "name": "page 2",
                "widget_area": [],
                "widget_bar": [
                  {
                    "colors": [],
                    "column": 5,
                    "facet_show_other_series": false,
                    "filter_current_dashboard": false,
                    "height": 4,
                    "id": "269483699",
                    "ignore_time_range": false,
                    "legend_enabled": true,
                    "linked_entity_guids": [],
                    "nrql_query": [
                      {
                        "account_id": 4438260,
                        "query": "FROM Transaction SELECT average(duration) FACET appName"
                      }
                    ],
                    "null_values": [],
                    "row": 9,
                    "title": "Average transaction duration, by application",
                    "units": [],
                    "width": 4,
                    "y_axis_left_max": 0,
                    "y_axis_left_min": 0
                  },
                  {
                    "colors": [],
                    "column": 9,
                    "facet_show_other_series": false,
                    "filter_current_dashboard": false,
                    "height": 4,
                    "id": "269483700",
                    "ignore_time_range": false,
                    "legend_enabled": true,
                    "linked_entity_guids": [],
                    "nrql_query": [
                      {
                        "account_id": 4438260,
                        "query": "FROM Transaction SELECT average(duration) FACET appName"
                      }
                    ],
                    "null_values": [],
                    "row": 9,
                    "title": "average transaction duration , by transaction type and application",
                    "units": [],
                    "width": 4,
                    "y_axis_left_max": 0,
                    "y_axis_left_min": 0
                  },
                  {
                    "colors": [],
                    "column": 1,
                    "facet_show_other_series": false,
                    "filter_current_dashboard": false,
                    "height": 4,
                    "id": "269483701",
                    "ignore_time_range": false,
                    "legend_enabled": true,
                    "linked_entity_guids": [],
                    "nrql_query": [
                      {
                        "account_id": 4438260,
                        "query": "FROM Transaction SELECT average(duration) FACET appName"
                      }
                    ],
                    "null_values": [],
                    "row": 13,
                    "title": "average transaction duration , by transaction type and application",
                    "units": [],
                    "width": 4,
                    "y_axis_left_max": 0,
                    "y_axis_left_min": 0
                  }
                ],
                "widget_billboard": [],
                "widget_bullet": [],
                "widget_funnel": [],
                "widget_heatmap": [],
                "widget_histogram": [],
                "widget_json": [],
                "widget_line": [],
                "widget_log_table": [],
                "widget_markdown": [
                  {
                    "colors": [],
                    "column": 1,
                    "facet_show_other_series": false,
                    "height": 4,
                    "id": "269483705",
                    "ignore_time_range": false,
                    "legend_enabled": true,
                    "null_values": [],
                    "row": 5,
                    "text": "first markdown",
                    "title": "first markdown",
                    "units": [],
                    "width": 4,
                    "y_axis_left_max": 0,
                    "y_axis_left_min": 0
                  },
                  {
                    "colors": [],
                    "column": 5,
                    "facet_show_other_series": false,
                    "height": 4,
                    "id": "269483706",
                    "ignore_time_range": false,
                    "legend_enabled": true,
                    "null_values": [],
                    "row": 5,
                    "text": "second markdown",
                    "title": "second markdown",
                    "units": [],
                    "width": 4,
                    "y_axis_left_max": 0,
                    "y_axis_left_min": 0
                  }
                ],
                "widget_pie": [],
                "widget_stacked_bar": [],
                "widget_table": [
                  {
                    "colors": [],
                    "column": 5,
                    "facet_show_other_series": false,
                    "filter_current_dashboard": false,
                    "height": 4,
                    "id": "269483707",
                    "ignore_time_range": false,
                    "legend_enabled": true,
                    "linked_entity_guids": [],
                    "nrql_query": [
                      {
                        "account_id": 4438260,
                        "query": "SELECT count(*), average(duration), max(duration), min(duration) FROM Transaction FACET name SINCE 7 days ago"
                      }
                    ],
                    "null_values": [],
                    "row": 13,
                    "threshold": [],
                    "title": "Table-1",
                    "units": [],
                    "width": 4,
                    "y_axis_left_max": 0,
                    "y_axis_left_min": 0
                  },
                  {
                    "colors": [],
                    "column": 9,
                    "facet_show_other_series": false,
                    "filter_current_dashboard": false,
                    "height": 4,
                    "id": "269483708",
                    "ignore_time_range": false,
                    "legend_enabled": true,
                    "linked_entity_guids": [],
                    "nrql_query": [
                      {
                        "account_id": 4438260,
                        "query": "SELECT count(*), average(duration), max(duration), min(duration) FROM Transaction FACET name SINCE 7 days ago"
                      }
                    ],
                    "null_values": [],
                    "row": 13,
                    "threshold": [],
                    "title": "Table-2",
                    "units": [],
                    "width": 4,
                    "y_axis_left_max": 0,
                    "y_axis_left_min": 0
                  }
                ]
              }
            ],
            "permalink": "https://one.newrelic.com/redirect/entity/NDQzODI2MHxWSVp8REFTSEJPQVJEfGRhOjY1MDU2NjY",
            "permissions": "public_read_only",
            "variable": []
          },
          "sensitive_attributes": [],
          "private": "bnVsbA=="
        }
      ]
    }
  ],
  "check_results": null
}
